
Microsoft Visual Studio Solution File, Format Version 12.00
# Visual Studio Version 17
VisualStudioVersion = 17.11.35303.130
MinimumVisualStudioVersion = 10.0.40219.1
Project("{FAE04EC0-301F-11D3-BF4B-00C04F79EFBC}") = "Tarea_01", "Tarea_01\Tarea_01.csproj", "{7AB5F281-A3BA-49CA-8043-F1038CCD1325}"
EndProject
Global
	GlobalSection(SolutionConfigurationPlatforms) = preSolution
		Debug|Any CPU = Debug|Any CPU
		Release|Any CPU = Release|Any CPU
	EndGlobalSection
	GlobalSection(ProjectConfigurationPlatforms) = postSolution
		{7AB5F281-A3BA-49CA-8043-F1038CCD1325}.Debug|Any CPU.ActiveCfg = Debug|Any CPU
		{7AB5F281-A3BA-49CA-8043-F1038CCD1325}.Debug|Any CPU.Build.0 = Debug|Any CPU
		{7AB5F281-A3BA-49CA-8043-F1038CCD1325}.Release|Any CPU.ActiveCfg = Release|Any CPU
		{7AB5F281-A3BA-49CA-8043-F1038CCD1325}.Release|Any CPU.Build.0 = Release|Any CPU
	EndGlobalSection
	GlobalSection(SolutionProperties) = preSolution
		HideSolutionNode = FALSE
	EndGlobalSection
	GlobalSection(ExtensibilityGlobals) = postSolution
		SolutionGuid = {1613B729-F967-48C5-A823-F47B64F1C4CD}
	EndGlobalSection
EndGlobal
